
Microsoft Visual Studio Solution File, Format Version 12.00
# Visual Studio Version 17
VisualStudioVersion = 17.3.32929.385
MinimumVisualStudioVersion = 10.0.40219.1
Project("{FAE04EC0-301F-11D3-BF4B-00C04F79EFBC}") = "OTRSMS.Android", "OTRSMS\OTRSMS.Android\OTRSMS.Android.csproj", "{2363A2A1-6865-4423-85A2-B1C23567B89A}"
EndProject
Project("{FAE04EC0-301F-11D3-BF4B-00C04F79EFBC}") = "OTRSMS.iOS", "OTRSMS\OTRSMS.iOS\OTRSMS.iOS.csproj", "{FAF77166-266F-4B75-B66D-66B538EFA6D6}"
EndProject
Project("{FAE04EC0-301F-11D3-BF4B-00C04F79EFBC}") = "OTRSMS", "OTRSMS\OTRSMS\OTRSMS.csproj", "{B8E4D171-BABA-46E0-9864-4CE3D32A6CF4}"
EndProject
Project("{FAE04EC0-301F-11D3-BF4B-00C04F79EFBC}") = "OTR.Android", "OTR.Android\OTR.Android.csproj", "{410858FC-3A44-46B4-8AF8-A0707D3CCC3B}"
EndProject
Global
	GlobalSection(SolutionConfigurationPlatforms) = preSolution
		Debug|Any CPU = Debug|Any CPU
		Debug|iPhone = Debug|iPhone
		Debug|iPhoneSimulator = Debug|iPhoneSimulator
		Release|Any CPU = Release|Any CPU
		Release|iPhone = Release|iPhone
		Release|iPhoneSimulator = Release|iPhoneSimulator
	EndGlobalSection
	GlobalSection(ProjectConfigurationPlatforms) = postSolution
		{2363A2A1-6865-4423-85A2-B1C23567B89A}.Debug|Any CPU.ActiveCfg = Debug|Any CPU
		{2363A2A1-6865-4423-85A2-B1C23567B89A}.Debug|Any CPU.Build.0 = Debug|Any CPU
		{2363A2A1-6865-4423-85A2-B1C23567B89A}.Debug|Any CPU.Deploy.0 = Debug|Any CPU
		{2363A2A1-6865-4423-85A2-B1C23567B89A}.Debug|iPhone.ActiveCfg = Debug|Any CPU
		{2363A2A1-6865-4423-85A2-B1C23567B89A}.Debug|iPhone.Build.0 = Debug|Any CPU
		{2363A2A1-6865-4423-85A2-B1C23567B89A}.Debug|iPhone.Deploy.0 = Debug|Any CPU
		{2363A2A1-6865-4423-85A2-B1C23567B89A}.Debug|iPhoneSimulator.ActiveCfg = Debug|Any CPU
		{2363A2A1-6865-4423-85A2-B1C23567B89A}.Debug|iPhoneSimulator.Build.0 = Debug|Any CPU
		{2363A2A1-6865-4423-85A2-B1C23567B89A}.Debug|iPhoneSimulator.Deploy.0 = Debug|Any CPU
		{2363A2A1-6865-4423-85A2-B1C23567B89A}.Release|Any CPU.ActiveCfg = Release|Any CPU
		{2363A2A1-6865-4423-85A2-B1C23567B89A}.Release|Any CPU.Build.0 = Release|Any CPU
		{2363A2A1-6865-4423-85A2-B1C23567B89A}.Release|Any CPU.Deploy.0 = Release|Any CPU
		{2363A2A1-6865-4423-85A2-B1C23567B89A}.Release|iPhone.ActiveCfg = Release|Any CPU
		{2363A2A1-6865-4423-85A2-B1C23567B89A}.Release|iPhone.Build.0 = Release|Any CPU
		{2363A2A1-6865-4423-85A2-B1C23567B89A}.Release|iPhone.Deploy.0 = Release|Any CPU
		{2363A2A1-6865-4423-85A2-B1C23567B89A}.Release|iPhoneSimulator.ActiveCfg = Release|Any CPU
		{2363A2A1-6865-4423-85A2-B1C23567B89A}.Release|iPhoneSimulator.Build.0 = Release|Any CPU
		{2363A2A1-6865-4423-85A2-B1C23567B89A}.Release|iPhoneSimulator.Deploy.0 = Release|Any CPU
		{FAF77166-266F-4B75-B66D-66B538EFA6D6}.Debug|Any CPU.ActiveCfg = Debug|iPhone
		{FAF77166-266F-4B75-B66D-66B538EFA6D6}.Debug|Any CPU.Build.0 = Debug|iPhone
		{FAF77166-266F-4B75-B66D-66B538EFA6D6}.Debug|Any CPU.Deploy.0 = Debug|iPhone
		{FAF77166-266F-4B75-B66D-66B538EFA6D6}.Debug|iPhone.ActiveCfg = Debug|iPhone
		{FAF77166-266F-4B75-B66D-66B538EFA6D6}.Debug|iPhone.Build.0 = Debug|iPhone
		{FAF77166-266F-4B75-B66D-66B538EFA6D6}.Debug|iPhone.Deploy.0 = Debug|iPhone
		{FAF77166-266F-4B75-B66D-66B538EFA6D6}.Debug|iPhoneSimulator.ActiveCfg = Debug|iPhoneSimulator
		{FAF77166-266F-4B75-B66D-66B538EFA6D6}.Debug|iPhoneSimulator.Build.0 = Debug|iPhoneSimulator
		{FAF77166-266F-4B75-B66D-66B538EFA6D6}.Debug|iPhoneSimulator.Deploy.0 = Debug|iPhoneSimulator
		{FAF77166-266F-4B75-B66D-66B538EFA6D6}.Release|Any CPU.ActiveCfg = Release|iPhoneSimulator
		{FAF77166-266F-4B75-B66D-66B538EFA6D6}.Release|Any CPU.Build.0 = Release|iPhoneSimulator
		{FAF77166-266F-4B75-B66D-66B538EFA6D6}.Release|Any CPU.Deploy.0 = Release|iPhoneSimulator
		{FAF77166-266F-4B75-B66D-66B538EFA6D6}.Release|iPhone.ActiveCfg = Release|iPhone
		{FAF77166-266F-4B75-B66D-66B538EFA6D6}.Release|iPhone.Build.0 = Release|iPhone
		{FAF77166-266F-4B75-B66D-66B538EFA6D6}.Release|iPhone.Deploy.0 = Release|iPhone
		{FAF77166-266F-4B75-B66D-66B538EFA6D6}.Release|iPhoneSimulator.ActiveCfg = Release|iPhoneSimulator
		{FAF77166-266F-4B75-B66D-66B538EFA6D6}.Release|iPhoneSimulator.Build.0 = Release|iPhoneSimulator
		{FAF77166-266F-4B75-B66D-66B538EFA6D6}.Release|iPhoneSimulator.Deploy.0 = Release|iPhoneSimulator
		{B8E4D171-BABA-46E0-9864-4CE3D32A6CF4}.Debug|Any CPU.ActiveCfg = Debug|Any CPU
		{B8E4D171-BABA-46E0-9864-4CE3D32A6CF4}.Debug|Any CPU.Build.0 = Debug|Any CPU
		{B8E4D171-BABA-46E0-9864-4CE3D32A6CF4}.Debug|Any CPU.Deploy.0 = Debug|Any CPU
		{B8E4D171-BABA-46E0-9864-4CE3D32A6CF4}.Debug|iPhone.ActiveCfg = Debug|Any CPU
		{B8E4D171-BABA-46E0-9864-4CE3D32A6CF4}.Debug|iPhone.Build.0 = Debug|Any CPU
		{B8E4D171-BABA-46E0-9864-4CE3D32A6CF4}.Debug|iPhone.Deploy.0 = Debug|Any CPU
		{B8E4D171-BABA-46E0-9864-4CE3D32A6CF4}.Debug|iPhoneSimulator.ActiveCfg = Debug|Any CPU
		{B8E4D171-BABA-46E0-9864-4CE3D32A6CF4}.Debug|iPhoneSimulator.Build.0 = Debug|Any CPU
		{B8E4D171-BABA-46E0-9864-4CE3D32A6CF4}.Debug|iPhoneSimulator.Deploy.0 = Debug|Any CPU
		{B8E4D171-BABA-46E0-9864-4CE3D32A6CF4}.Release|Any CPU.ActiveCfg = Release|Any CPU
		{B8E4D171-BABA-46E0-9864-4CE3D32A6CF4}.Release|Any CPU.Build.0 = Release|Any CPU
		{B8E4D171-BABA-46E0-9864-4CE3D32A6CF4}.Release|Any CPU.Deploy.0 = Release|Any CPU
		{B8E4D171-BABA-46E0-9864-4CE3D32A6CF4}.Release|iPhone.ActiveCfg = Release|Any CPU
		{B8E4D171-BABA-46E0-9864-4CE3D32A6CF4}.Release|iPhone.Build.0 = Release|Any CPU
		{B8E4D171-BABA-46E0-9864-4CE3D32A6CF4}.Release|iPhone.Deploy.0 = Release|Any CPU
		{B8E4D171-BABA-46E0-9864-4CE3D32A6CF4}.Release|iPhoneSimulator.ActiveCfg = Release|Any CPU
		{B8E4D171-BABA-46E0-9864-4CE3D32A6CF4}.Release|iPhoneSimulator.Build.0 = Release|Any CPU
		{B8E4D171-BABA-46E0-9864-4CE3D32A6CF4}.Release|iPhoneSimulator.Deploy.0 = Release|Any CPU
		{410858FC-3A44-46B4-8AF8-A0707D3CCC3B}.Debug|Any CPU.ActiveCfg = Debug|Any CPU
		{410858FC-3A44-46B4-8AF8-A0707D3CCC3B}.Debug|Any CPU.Build.0 = Debug|Any CPU
		{410858FC-3A44-46B4-8AF8-A0707D3CCC3B}.Debug|iPhone.ActiveCfg = Debug|Any CPU
		{410858FC-3A44-46B4-8AF8-A0707D3CCC3B}.Debug|iPhone.Build.0 = Debug|Any CPU
		{410858FC-3A44-46B4-8AF8-A0707D3CCC3B}.Debug|iPhoneSimulator.ActiveCfg = Debug|Any CPU
		{410858FC-3A44-46B4-8AF8-A0707D3CCC3B}.Debug|iPhoneSimulator.Build.0 = Debug|Any CPU
		{410858FC-3A44-46B4-8AF8-A0707D3CCC3B}.Release|Any CPU.ActiveCfg = Release|Any CPU
		{410858FC-3A44-46B4-8AF8-A0707D3CCC3B}.Release|Any CPU.Build.0 = Release|Any CPU
		{410858FC-3A44-46B4-8AF8-A0707D3CCC3B}.Release|iPhone.ActiveCfg = Release|Any CPU
		{410858FC-3A44-46B4-8AF8-A0707D3CCC3B}.Release|iPhone.Build.0 = Release|Any CPU
		{410858FC-3A44-46B4-8AF8-A0707D3CCC3B}.Release|iPhoneSimulator.ActiveCfg = Release|Any CPU
		{410858FC-3A44-46B4-8AF8-A0707D3CCC3B}.Release|iPhoneSimulator.Build.0 = Release|Any CPU
	EndGlobalSection
	GlobalSection(SolutionProperties) = preSolution
		HideSolutionNode = FALSE
	EndGlobalSection
	GlobalSection(ExtensibilityGlobals) = postSolution
		SolutionGuid = {A49F93BF-9CF2-455F-816D-002B2676624E}
	EndGlobalSection
EndGlobal
